
Microsoft Visual Studio Solution File, Format Version 12.00
# Visual Studio 2012
Project("{FAE04EC0-301F-11D3-BF4B-00C04F79EFBC}") = "TreeHouseMackWebpage", "TreeHouseMackWebpage\TreeHouseMackWebpage.csproj", "{1BF7A9B1-CAE6-44FE-9DC3-3DA3F869D3BD}"
EndProject
Global
	GlobalSection(SolutionConfigurationPlatforms) = preSolution
		Debug|Any CPU = Debug|Any CPU
		Release|Any CPU = Release|Any CPU
	EndGlobalSection
	GlobalSection(ProjectConfigurationPlatforms) = postSolution
		{1BF7A9B1-CAE6-44FE-9DC3-3DA3F869D3BD}.Debug|Any CPU.ActiveCfg = Debug|Any CPU
		{1BF7A9B1-CAE6-44FE-9DC3-3DA3F869D3BD}.Debug|Any CPU.Build.0 = Debug|Any CPU
		{1BF7A9B1-CAE6-44FE-9DC3-3DA3F869D3BD}.Release|Any CPU.ActiveCfg = Release|Any CPU
		{1BF7A9B1-CAE6-44FE-9DC3-3DA3F869D3BD}.Release|Any CPU.Build.0 = Release|Any CPU
	EndGlobalSection
	GlobalSection(SolutionProperties) = preSolution
		HideSolutionNode = FALSE
	EndGlobalSection
EndGlobal
